
Microsoft Visual Studio Solution File, Format Version 12.00
# Visual Studio 15
VisualStudioVersion = 15.0.28307.136
MinimumVisualStudioVersion = 10.0.40219.1
Project("{FAE04EC0-301F-11D3-BF4B-00C04F79EFBC}") = "LoLGoal", "LoLGoal\LoLGoal.csproj", "{BB65657F-3788-49E9-8351-8F8B026EA4CE}"
EndProject
Global
	GlobalSection(SolutionConfigurationPlatforms) = preSolution
		Debug|Any CPU = Debug|Any CPU
		Release|Any CPU = Release|Any CPU
	EndGlobalSection
	GlobalSection(ProjectConfigurationPlatforms) = postSolution
		{BB65657F-3788-49E9-8351-8F8B026EA4CE}.Debug|Any CPU.ActiveCfg = Debug|Any CPU
		{BB65657F-3788-49E9-8351-8F8B026EA4CE}.Debug|Any CPU.Build.0 = Debug|Any CPU
		{BB65657F-3788-49E9-8351-8F8B026EA4CE}.Release|Any CPU.ActiveCfg = Release|Any CPU
		{BB65657F-3788-49E9-8351-8F8B026EA4CE}.Release|Any CPU.Build.0 = Release|Any CPU
	EndGlobalSection
	GlobalSection(SolutionProperties) = preSolution
		HideSolutionNode = FALSE
	EndGlobalSection
	GlobalSection(ExtensibilityGlobals) = postSolution
		SolutionGuid = {9AF029C8-3750-4396-96EB-0E537C61FF7F}
	EndGlobalSection
EndGlobal
